// !$*UTF8*$!
{
	archiveVersion = 1;
	classes = {
	};
	objectVersion = 56;
	objects = {

/* Begin PBXBuildFile section */
		BD0F43302AA7DFB700B22B20 /* AppDelegate.swift in Sources */ = {isa = PBXBuildFile; fileRef = BD0F432F2AA7DFB700B22B20 /* AppDelegate.swift */; };
		BD0F43322AA7DFB700B22B20 /* SceneDelegate.swift in Sources */ = {isa = PBXBuildFile; fileRef = BD0F43312AA7DFB700B22B20 /* SceneDelegate.swift */; };
		BD0F43342AA7DFB700B22B20 /* ViewController.swift in Sources */ = {isa = PBXBuildFile; fileRef = BD0F43332AA7DFB700B22B20 /* ViewController.swift */; };
		BD0F43392AA7DFB900B22B20 /* Assets.xcassets in Resources */ = {isa = PBXBuildFile; fileRef = BD0F43382AA7DFB900B22B20 /* Assets.xcassets */; };
		BD0F433C2AA7DFB900B22B20 /* LaunchScreen.storyboard in Resources */ = {isa = PBXBuildFile; fileRef = BD0F433A2AA7DFB900B22B20 /* LaunchScreen.storyboard */; };
		BD0F43472AA7DFBA00B22B20 /* MoviesVIPERTests.swift in Sources */ = {isa = PBXBuildFile; fileRef = BD0F43462AA7DFBA00B22B20 /* MoviesVIPERTests.swift */; };
		BD0F43512AA7DFBA00B22B20 /* MoviesVIPERUITests.swift in Sources */ = {isa = PBXBuildFile; fileRef = BD0F43502AA7DFBA00B22B20 /* MoviesVIPERUITests.swift */; };
		BD0F43532AA7DFBA00B22B20 /* MoviesVIPERUITestsLaunchTests.swift in Sources */ = {isa = PBXBuildFile; fileRef = BD0F43522AA7DFBA00B22B20 /* MoviesVIPERUITestsLaunchTests.swift */; };
		BD0F43612AA7E01400B22B20 /* ListOfMoviesView.swift in Sources */ = {isa = PBXBuildFile; fileRef = BD0F43602AA7E01400B22B20 /* ListOfMoviesView.swift */; };
		BD0F43632AA7E01E00B22B20 /* ListOfMoviesPresenter.swift in Sources */ = {isa = PBXBuildFile; fileRef = BD0F43622AA7E01E00B22B20 /* ListOfMoviesPresenter.swift */; };
		BD0F43652AA7E02600B22B20 /* ListOfMoviesInteractor.swift in Sources */ = {isa = PBXBuildFile; fileRef = BD0F43642AA7E02600B22B20 /* ListOfMoviesInteractor.swift */; };
		BD0F43672AA7E03400B22B20 /* ListOfMoviesRouter.swift in Sources */ = {isa = PBXBuildFile; fileRef = BD0F43662AA7E03400B22B20 /* ListOfMoviesRouter.swift */; };
		BD0F436A2AA7E45500B22B20 /* PopularMovieEntity.swift in Sources */ = {isa = PBXBuildFile; fileRef = BD0F43692AA7E45500B22B20 /* PopularMovieEntity.swift */; };
		BD0F436C2AA7E58100B22B20 /* PopularMovieResponseEntity.swift in Sources */ = {isa = PBXBuildFile; fileRef = BD0F436B2AA7E58000B22B20 /* PopularMovieResponseEntity.swift */; };
		BD0F436E2AA7F24100B22B20 /* MovieCellView.swift in Sources */ = {isa = PBXBuildFile; fileRef = BD0F436D2AA7F24100B22B20 /* MovieCellView.swift */; };
		BD0F43712AA7F61F00B22B20 /* Kingfisher in Frameworks */ = {isa = PBXBuildFile; productRef = BD0F43702AA7F61F00B22B20 /* Kingfisher */; };
		BD7FDE382AAA27FD00BF6FEB /* ViewModel.swift in Sources */ = {isa = PBXBuildFile; fileRef = BD7FDE372AAA27FD00BF6FEB /* ViewModel.swift */; };
		BD7FDE3A2AAA2B8400BF6FEB /* Mapper.swift in Sources */ = {isa = PBXBuildFile; fileRef = BD7FDE392AAA2B8400BF6FEB /* Mapper.swift */; };
/* End PBXBuildFile section */

/* Begin PBXContainerItemProxy section */
		BD0F43432AA7DFBA00B22B20 /* PBXContainerItemProxy */ = {
			isa = PBXContainerItemProxy;
			containerPortal = BD0F43242AA7DFB700B22B20 /* Project object */;
			proxyType = 1;
			remoteGlobalIDString = BD0F432B2AA7DFB700B22B20;
			remoteInfo = MoviesVIPER;
		};
		BD0F434D2AA7DFBA00B22B20 /* PBXContainerItemProxy */ = {
			isa = PBXContainerItemProxy;
			containerPortal = BD0F43242AA7DFB700B22B20 /* Project object */;
			proxyType = 1;
			remoteGlobalIDString = BD0F432B2AA7DFB700B22B20;
			remoteInfo = MoviesVIPER;
		};
/* End PBXContainerItemProxy section */

/* Begin PBXFileReference section */
		BD0F432C2AA7DFB700B22B20 /* MoviesVIPER.app */ = {isa = PBXFileReference; explicitFileType = wrapper.application; includeInIndex = 0; path = MoviesVIPER.app; sourceTree = BUILT_PRODUCTS_DIR; };
		BD0F432F2AA7DFB700B22B20 /* AppDelegate.swift */ = {isa = PBXFileReference; lastKnownFileType = sourcecode.swift; path = AppDelegate.swift; sourceTree = "<group>"; };
		BD0F43312AA7DFB700B22B20 /* SceneDelegate.swift */ = {isa = PBXFileReference; lastKnownFileType = sourcecode.swift; path = SceneDelegate.swift; sourceTree = "<group>"; };
		BD0F43332AA7DFB700B22B20 /* ViewController.swift */ = {isa = PBXFileReference; lastKnownFileType = sourcecode.swift; path = ViewController.swift; sourceTree = "<group>"; };
		BD0F43382AA7DFB900B22B20 /* Assets.xcassets */ = {isa = PBXFileReference; lastKnownFileType = folder.assetcatalog; path = Assets.xcassets; sourceTree = "<group>"; };
		BD0F433B2AA7DFB900B22B20 /* Base */ = {isa = PBXFileReference; lastKnownFileType = file.storyboard; name = Base; path = Base.lproj/LaunchScreen.storyboard; sourceTree = "<group>"; };
		BD0F433D2AA7DFB900B22B20 /* Info.plist */ = {isa = PBXFileReference; lastKnownFileType = text.plist.xml; path = Info.plist; sourceTree = "<group>"; };
		BD0F43422AA7DFBA00B22B20 /* MoviesVIPERTests.xctest */ = {isa = PBXFileReference; explicitFileType = wrapper.cfbundle; includeInIndex = 0; path = MoviesVIPERTests.xctest; sourceTree = BUILT_PRODUCTS_DIR; };
		BD0F43462AA7DFBA00B22B20 /* MoviesVIPERTests.swift */ = {isa = PBXFileReference; lastKnownFileType = sourcecode.swift; path = MoviesVIPERTests.swift; sourceTree = "<group>"; };
		BD0F434C2AA7DFBA00B22B20 /* MoviesVIPERUITests.xctest */ = {isa = PBXFileReference; explicitFileType = wrapper.cfbundle; includeInIndex = 0; path = MoviesVIPERUITests.xctest; sourceTree = BUILT_PRODUCTS_DIR; };
		BD0F43502AA7DFBA00B22B20 /* MoviesVIPERUITests.swift */ = {isa = PBXFileReference; lastKnownFileType = sourcecode.swift; path = MoviesVIPERUITests.swift; sourceTree = "<group>"; };
		BD0F43522AA7DFBA00B22B20 /* MoviesVIPERUITestsLaunchTests.swift */ = {isa = PBXFileReference; lastKnownFileType = sourcecode.swift; path = MoviesVIPERUITestsLaunchTests.swift; sourceTree = "<group>"; };
		BD0F43602AA7E01400B22B20 /* ListOfMoviesView.swift */ = {isa = PBXFileReference; lastKnownFileType = sourcecode.swift; path = ListOfMoviesView.swift; sourceTree = "<group>"; };
		BD0F43622AA7E01E00B22B20 /* ListOfMoviesPresenter.swift */ = {isa = PBXFileReference; lastKnownFileType = sourcecode.swift; path = ListOfMoviesPresenter.swift; sourceTree = "<group>"; };
		BD0F43642AA7E02600B22B20 /* ListOfMoviesInteractor.swift */ = {isa = PBXFileReference; lastKnownFileType = sourcecode.swift; path = ListOfMoviesInteractor.swift; sourceTree = "<group>"; };
		BD0F43662AA7E03400B22B20 /* ListOfMoviesRouter.swift */ = {isa = PBXFileReference; lastKnownFileType = sourcecode.swift; path = ListOfMoviesRouter.swift; sourceTree = "<group>"; };
		BD0F43692AA7E45500B22B20 /* PopularMovieEntity.swift */ = {isa = PBXFileReference; lastKnownFileType = sourcecode.swift; path = PopularMovieEntity.swift; sourceTree = "<group>"; };
		BD0F436B2AA7E58000B22B20 /* PopularMovieResponseEntity.swift */ = {isa = PBXFileReference; lastKnownFileType = sourcecode.swift; path = PopularMovieResponseEntity.swift; sourceTree = "<group>"; };
		BD0F436D2AA7F24100B22B20 /* MovieCellView.swift */ = {isa = PBXFileReference; lastKnownFileType = sourcecode.swift; path = MovieCellView.swift; sourceTree = "<group>"; };
		BD7FDE372AAA27FD00BF6FEB /* ViewModel.swift */ = {isa = PBXFileReference; lastKnownFileType = sourcecode.swift; path = ViewModel.swift; sourceTree = "<group>"; };
		BD7FDE392AAA2B8400BF6FEB /* Mapper.swift */ = {isa = PBXFileReference; lastKnownFileType = sourcecode.swift; path = Mapper.swift; sourceTree = "<group>"; };
/* End PBXFileReference section */

/* Begin PBXFrameworksBuildPhase section */
		BD0F43292AA7DFB700B22B20 /* Frameworks */ = {
			isa = PBXFrameworksBuildPhase;
			buildActionMask = 2147483647;
			files = (
				BD0F43712AA7F61F00B22B20 /* Kingfisher in Frameworks */,
			);
			runOnlyForDeploymentPostprocessing = 0;
		};
		BD0F433F2AA7DFBA00B22B20 /* Frameworks */ = {
			isa = PBXFrameworksBuildPhase;
			buildActionMask = 2147483647;
			files = (
			);
			runOnlyForDeploymentPostprocessing = 0;
		};
		BD0F43492AA7DFBA00B22B20 /* Frameworks */ = {
			isa = PBXFrameworksBuildPhase;
			buildActionMask = 2147483647;
			files = (
			);
			runOnlyForDeploymentPostprocessing = 0;
		};
/* End PBXFrameworksBuildPhase section */

/* Begin PBXGroup section */
		BD0F43232AA7DFB700B22B20 = {
			isa = PBXGroup;
			children = (
				BD0F432E2AA7DFB700B22B20 /* MoviesVIPER */,
				BD0F43452AA7DFBA00B22B20 /* MoviesVIPERTests */,
				BD0F434F2AA7DFBA00B22B20 /* MoviesVIPERUITests */,
				BD0F432D2AA7DFB700B22B20 /* Products */,
			);
			sourceTree = "<group>";
		};
		BD0F432D2AA7DFB700B22B20 /* Products */ = {
			isa = PBXGroup;
			children = (
				BD0F432C2AA7DFB700B22B20 /* MoviesVIPER.app */,
				BD0F43422AA7DFBA00B22B20 /* MoviesVIPERTests.xctest */,
				BD0F434C2AA7DFBA00B22B20 /* MoviesVIPERUITests.xctest */,
			);
			name = Products;
			sourceTree = "<group>";
		};
		BD0F432E2AA7DFB700B22B20 /* MoviesVIPER */ = {
			isa = PBXGroup;
			children = (
				BD0F435F2AA7DFD200B22B20 /* ListOfMovies */,
				BD0F432F2AA7DFB700B22B20 /* AppDelegate.swift */,
				BD0F43312AA7DFB700B22B20 /* SceneDelegate.swift */,
				BD0F43332AA7DFB700B22B20 /* ViewController.swift */,
				BD0F43382AA7DFB900B22B20 /* Assets.xcassets */,
				BD0F433A2AA7DFB900B22B20 /* LaunchScreen.storyboard */,
				BD0F433D2AA7DFB900B22B20 /* Info.plist */,
			);
			path = MoviesVIPER;
			sourceTree = "<group>";
		};
		BD0F43452AA7DFBA00B22B20 /* MoviesVIPERTests */ = {
			isa = PBXGroup;
			children = (
				BD0F43462AA7DFBA00B22B20 /* MoviesVIPERTests.swift */,
			);
			path = MoviesVIPERTests;
			sourceTree = "<group>";
		};
		BD0F434F2AA7DFBA00B22B20 /* MoviesVIPERUITests */ = {
			isa = PBXGroup;
			children = (
				BD0F43502AA7DFBA00B22B20 /* MoviesVIPERUITests.swift */,
				BD0F43522AA7DFBA00B22B20 /* MoviesVIPERUITestsLaunchTests.swift */,
			);
			path = MoviesVIPERUITests;
			sourceTree = "<group>";
		};
		BD0F435F2AA7DFD200B22B20 /* ListOfMovies */ = {
			isa = PBXGroup;
			children = (
				BD7FDE362AAA279300BF6FEB /* ViewModel */,
				BD0F43682AA7E04C00B22B20 /* Entities */,
				BD0F43602AA7E01400B22B20 /* ListOfMoviesView.swift */,
				BD0F43642AA7E02600B22B20 /* ListOfMoviesInteractor.swift */,
				BD0F43622AA7E01E00B22B20 /* ListOfMoviesPresenter.swift */,
				BD0F43662AA7E03400B22B20 /* ListOfMoviesRouter.swift */,
			);
			path = ListOfMovies;
			sourceTree = "<group>";
		};
		BD0F43682AA7E04C00B22B20 /* Entities */ = {
			isa = PBXGroup;
			children = (
				BD0F43692AA7E45500B22B20 /* PopularMovieEntity.swift */,
				BD0F436B2AA7E58000B22B20 /* PopularMovieResponseEntity.swift */,
				BD0F436D2AA7F24100B22B20 /* MovieCellView.swift */,
			);
			path = Entities;
			sourceTree = "<group>";
		};
		BD7FDE362AAA279300BF6FEB /* ViewModel */ = {
			isa = PBXGroup;
			children = (
				BD7FDE372AAA27FD00BF6FEB /* ViewModel.swift */,
				BD7FDE392AAA2B8400BF6FEB /* Mapper.swift */,
			);
			path = ViewModel;
			sourceTree = "<group>";
		};
/* End PBXGroup section */

/* Begin PBXNativeTarget section */
		BD0F432B2AA7DFB700B22B20 /* MoviesVIPER */ = {
			isa = PBXNativeTarget;
			buildConfigurationList = BD0F43562AA7DFBA00B22B20 /* Build configuration list for PBXNativeTarget "MoviesVIPER" */;
			buildPhases = (
				BD0F43282AA7DFB700B22B20 /* Sources */,
				BD0F43292AA7DFB700B22B20 /* Frameworks */,
				BD0F432A2AA7DFB700B22B20 /* Resources */,
			);
			buildRules = (
			);
			dependencies = (
			);
			name = MoviesVIPER;
			packageProductDependencies = (
				BD0F43702AA7F61F00B22B20 /* Kingfisher */,
			);
			productName = MoviesVIPER;
			productReference = BD0F432C2AA7DFB700B22B20 /* MoviesVIPER.app */;
			productType = "com.apple.product-type.application";
		};
		BD0F43412AA7DFBA00B22B20 /* MoviesVIPERTests */ = {
			isa = PBXNativeTarget;
			buildConfigurationList = BD0F43592AA7DFBA00B22B20 /* Build configuration list for PBXNativeTarget "MoviesVIPERTests" */;
			buildPhases = (
				BD0F433E2AA7DFBA00B22B20 /* Sources */,
				BD0F433F2AA7DFBA00B22B20 /* Frameworks */,
				BD0F43402AA7DFBA00B22B20 /* Resources */,
			);
			buildRules = (
			);
			dependencies = (
				BD0F43442AA7DFBA00B22B20 /* PBXTargetDependency */,
			);
			name = MoviesVIPERTests;
			productName = MoviesVIPERTests;
			productReference = BD0F43422AA7DFBA00B22B20 /* MoviesVIPERTests.xctest */;
			productType = "com.apple.product-type.bundle.unit-test";
		};
		BD0F434B2AA7DFBA00B22B20 /* MoviesVIPERUITests */ = {
			isa = PBXNativeTarget;
			buildConfigurationList = BD0F435C2AA7DFBA00B22B20 /* Build configuration list for PBXNativeTarget "MoviesVIPERUITests" */;
			buildPhases = (
				BD0F43482AA7DFBA00B22B20 /* Sources */,
				BD0F43492AA7DFBA00B22B20 /* Frameworks */,
				BD0F434A2AA7DFBA00B22B20 /* Resources */,
			);
			buildRules = (
			);
			dependencies = (
				BD0F434E2AA7DFBA00B22B20 /* PBXTargetDependency */,
			);
			name = MoviesVIPERUITests;
			productName = MoviesVIPERUITests;
			productReference = BD0F434C2AA7DFBA00B22B20 /* MoviesVIPERUITests.xctest */;
			productType = "com.apple.product-type.bundle.ui-testing";
		};
/* End PBXNativeTarget section */

/* Begin PBXProject section */
		BD0F43242AA7DFB700B22B20 /* Project object */ = {
			isa = PBXProject;
			attributes = {
				BuildIndependentTargetsInParallel = 1;
				LastSwiftUpdateCheck = 1430;
				LastUpgradeCheck = 1430;
				TargetAttributes = {
					BD0F432B2AA7DFB700B22B20 = {
						CreatedOnToolsVersion = 14.3.1;
					};
					BD0F43412AA7DFBA00B22B20 = {
						CreatedOnToolsVersion = 14.3.1;
						TestTargetID = BD0F432B2AA7DFB700B22B20;
					};
					BD0F434B2AA7DFBA00B22B20 = {
						CreatedOnToolsVersion = 14.3.1;
						TestTargetID = BD0F432B2AA7DFB700B22B20;
					};
				};
			};
			buildConfigurationList = BD0F43272AA7DFB700B22B20 /* Build configuration list for PBXProject "MoviesVIPER" */;
			compatibilityVersion = "Xcode 14.0";
			developmentRegion = en;
			hasScannedForEncodings = 0;
			knownRegions = (
				en,
				Base,
			);
			mainGroup = BD0F43232AA7DFB700B22B20;
			packageReferences = (
				BD0F436F2AA7F61F00B22B20 /* XCRemoteSwiftPackageReference "Kingfisher" */,
			);
			productRefGroup = BD0F432D2AA7DFB700B22B20 /* Products */;
			projectDirPath = "";
			projectRoot = "";
			targets = (
				BD0F432B2AA7DFB700B22B20 /* MoviesVIPER */,
				BD0F43412AA7DFBA00B22B20 /* MoviesVIPERTests */,
				BD0F434B2AA7DFBA00B22B20 /* MoviesVIPERUITests */,
			);
		};
/* End PBXProject section */

/* Begin PBXResourcesBuildPhase section */
		BD0F432A2AA7DFB700B22B20 /* Resources */ = {
			isa = PBXResourcesBuildPhase;
			buildActionMask = 2147483647;
			files = (
				BD0F433C2AA7DFB900B22B20 /* LaunchScreen.storyboard in Resources */,
				BD0F43392AA7DFB900B22B20 /* Assets.xcassets in Resources */,
			);
			runOnlyForDeploymentPostprocessing = 0;
		};
		BD0F43402AA7DFBA00B22B20 /* Resources */ = {
			isa = PBXResourcesBuildPhase;
			buildActionMask = 2147483647;
			files = (
			);
			runOnlyForDeploymentPostprocessing = 0;
		};
		BD0F434A2AA7DFBA00B22B20 /* Resources */ = {
			isa = PBXResourcesBuildPhase;
			buildActionMask = 2147483647;
			files = (
			);
			runOnlyForDeploymentPostprocessing = 0;
		};
/* End PBXResourcesBuildPhase section */

/* Begin PBXSourcesBuildPhase section */
		BD0F43282AA7DFB700B22B20 /* Sources */ = {
			isa = PBXSourcesBuildPhase;
			buildActionMask = 2147483647;
			files = (
				BD0F43612AA7E01400B22B20 /* ListOfMoviesView.swift in Sources */,
				BD0F43342AA7DFB700B22B20 /* ViewController.swift in Sources */,
				BD0F43652AA7E02600B22B20 /* ListOfMoviesInteractor.swift in Sources */,
				BD7FDE382AAA27FD00BF6FEB /* ViewModel.swift in Sources */,
				BD7FDE3A2AAA2B8400BF6FEB /* Mapper.swift in Sources */,
				BD0F436E2AA7F24100B22B20 /* MovieCellView.swift in Sources */,
				BD0F436A2AA7E45500B22B20 /* PopularMovieEntity.swift in Sources */,
				BD0F43632AA7E01E00B22B20 /* ListOfMoviesPresenter.swift in Sources */,
				BD0F43672AA7E03400B22B20 /* ListOfMoviesRouter.swift in Sources */,
				BD0F43302AA7DFB700B22B20 /* AppDelegate.swift in Sources */,
				BD0F436C2AA7E58100B22B20 /* PopularMovieResponseEntity.swift in Sources */,
				BD0F43322AA7DFB700B22B20 /* SceneDelegate.swift in Sources */,
			);
			runOnlyForDeploymentPostprocessing = 0;
		};
		BD0F433E2AA7DFBA00B22B20 /* Sources */ = {
			isa = PBXSourcesBuildPhase;
			buildActionMask = 2147483647;
			files = (
				BD0F43472AA7DFBA00B22B20 /* MoviesVIPERTests.swift in Sources */,
			);
			runOnlyForDeploymentPostprocessing = 0;
		};
		BD0F43482AA7DFBA00B22B20 /* Sources */ = {
			isa = PBXSourcesBuildPhase;
			buildActionMask = 2147483647;
			files = (
				BD0F43532AA7DFBA00B22B20 /* MoviesVIPERUITestsLaunchTests.swift in Sources */,
				BD0F43512AA7DFBA00B22B20 /* MoviesVIPERUITests.swift in Sources */,
			);
			runOnlyForDeploymentPostprocessing = 0;
		};
/* End PBXSourcesBuildPhase section */

/* Begin PBXTargetDependency section */
		BD0F43442AA7DFBA00B22B20 /* PBXTargetDependency */ = {
			isa = PBXTargetDependency;
			target = BD0F432B2AA7DFB700B22B20 /* MoviesVIPER */;
			targetProxy = BD0F43432AA7DFBA00B22B20 /* PBXContainerItemProxy */;
		};
		BD0F434E2AA7DFBA00B22B20 /* PBXTargetDependency */ = {
			isa = PBXTargetDependency;
			target = BD0F432B2AA7DFB700B22B20 /* MoviesVIPER */;
			targetProxy = BD0F434D2AA7DFBA00B22B20 /* PBXContainerItemProxy */;
		};
/* End PBXTargetDependency section */

/* Begin PBXVariantGroup section */
		BD0F433A2AA7DFB900B22B20 /* LaunchScreen.storyboard */ = {
			isa = PBXVariantGroup;
			children = (
				BD0F433B2AA7DFB900B22B20 /* Base */,
			);
			name = LaunchScreen.storyboard;
			sourceTree = "<group>";
		};
/* End PBXVariantGroup section */

/* Begin XCBuildConfiguration section */
		BD0F43542AA7DFBA00B22B20 /* Debug */ = {
			isa = XCBuildConfiguration;
			buildSettings = {
				ALWAYS_SEARCH_USER_PATHS = NO;
				CLANG_ANALYZER_NONNULL = YES;
				CLANG_ANALYZER_NUMBER_OBJECT_CONVERSION = YES_AGGRESSIVE;
				CLANG_CXX_LANGUAGE_STANDARD = "gnu++20";
				CLANG_ENABLE_MODULES = YES;
				CLANG_ENABLE_OBJC_ARC = YES;
				CLANG_ENABLE_OBJC_WEAK = YES;
				CLANG_WARN_BLOCK_CAPTURE_AUTORELEASING = YES;
				CLANG_WARN_BOOL_CONVERSION = YES;
				CLANG_WARN_COMMA = YES;
				CLANG_WARN_CONSTANT_CONVERSION = YES;
				CLANG_WARN_DEPRECATED_OBJC_IMPLEMENTATIONS = YES;
				CLANG_WARN_DIRECT_OBJC_ISA_USAGE = YES_ERROR;
				CLANG_WARN_DOCUMENTATION_COMMENTS = YES;
				CLANG_WARN_EMPTY_BODY = YES;
				CLANG_WARN_ENUM_CONVERSION = YES;
				CLANG_WARN_INFINITE_RECURSION = YES;
				CLANG_WARN_INT_CONVERSION = YES;
				CLANG_WARN_NON_LITERAL_NULL_CONVERSION = YES;
				CLANG_WARN_OBJC_IMPLICIT_RETAIN_SELF = YES;
				CLANG_WARN_OBJC_LITERAL_CONVERSION = YES;
				CLANG_WARN_OBJC_ROOT_CLASS = YES_ERROR;
				CLANG_WARN_QUOTED_INCLUDE_IN_FRAMEWORK_HEADER = YES;
				CLANG_WARN_RANGE_LOOP_ANALYSIS = YES;
				CLANG_WARN_STRICT_PROTOTYPES = YES;
				CLANG_WARN_SUSPICIOUS_MOVE = YES;
				CLANG_WARN_UNGUARDED_AVAILABILITY = YES_AGGRESSIVE;
				CLANG_WARN_UNREACHABLE_CODE = YES;
				CLANG_WARN__DUPLICATE_METHOD_MATCH = YES;
				COPY_PHASE_STRIP = NO;
				DEBUG_INFORMATION_FORMAT = dwarf;
				ENABLE_STRICT_OBJC_MSGSEND = YES;
				ENABLE_TESTABILITY = YES;
				GCC_C_LANGUAGE_STANDARD = gnu11;
				GCC_DYNAMIC_NO_PIC = NO;
				GCC_NO_COMMON_BLOCKS = YES;
				GCC_OPTIMIZATION_LEVEL = 0;
				GCC_PREPROCESSOR_DEFINITIONS = (
					"DEBUG=1",
					"$(inherited)",
				);
				GCC_WARN_64_TO_32_BIT_CONVERSION = YES;
				GCC_WARN_ABOUT_RETURN_TYPE = YES_ERROR;
				GCC_WARN_UNDECLARED_SELECTOR = YES;
				GCC_WARN_UNINITIALIZED_AUTOS = YES_AGGRESSIVE;
				GCC_WARN_UNUSED_FUNCTION = YES;
				GCC_WARN_UNUSED_VARIABLE = YES;
				IPHONEOS_DEPLOYMENT_TARGET = 16.4;
				MTL_ENABLE_DEBUG_INFO = INCLUDE_SOURCE;
				MTL_FAST_MATH = YES;
				ONLY_ACTIVE_ARCH = YES;
				SDKROOT = iphoneos;
				SWIFT_ACTIVE_COMPILATION_CONDITIONS = DEBUG;
				SWIFT_OPTIMIZATION_LEVEL = "-Onone";
			};
			name = Debug;
		};
		BD0F43552AA7DFBA00B22B20 /* Release */ = {
			isa = XCBuildConfiguration;
			buildSettings = {
				ALWAYS_SEARCH_USER_PATHS = NO;
				CLANG_ANALYZER_NONNULL = YES;
				CLANG_ANALYZER_NUMBER_OBJECT_CONVERSION = YES_AGGRESSIVE;
				CLANG_CXX_LANGUAGE_STANDARD = "gnu++20";
				CLANG_ENABLE_MODULES = YES;
				CLANG_ENABLE_OBJC_ARC = YES;
				CLANG_ENABLE_OBJC_WEAK = YES;
				CLANG_WARN_BLOCK_CAPTURE_AUTORELEASING = YES;
				CLANG_WARN_BOOL_CONVERSION = YES;
				CLANG_WARN_COMMA = YES;
				CLANG_WARN_CONSTANT_CONVERSION = YES;
				CLANG_WARN_DEPRECATED_OBJC_IMPLEMENTATIONS = YES;
				CLANG_WARN_DIRECT_OBJC_ISA_USAGE = YES_ERROR;
				CLANG_WARN_DOCUMENTATION_COMMENTS = YES;
				CLANG_WARN_EMPTY_BODY = YES;
				CLANG_WARN_ENUM_CONVERSION = YES;
				CLANG_WARN_INFINITE_RECURSION = YES;
				CLANG_WARN_INT_CONVERSION = YES;
				CLANG_WARN_NON_LITERAL_NULL_CONVERSION = YES;
				CLANG_WARN_OBJC_IMPLICIT_RETAIN_SELF = YES;
				CLANG_WARN_OBJC_LITERAL_CONVERSION = YES;
				CLANG_WARN_OBJC_ROOT_CLASS = YES_ERROR;
				CLANG_WARN_QUOTED_INCLUDE_IN_FRAMEWORK_HEADER = YES;
				CLANG_WARN_RANGE_LOOP_ANALYSIS = YES;
				CLANG_WARN_STRICT_PROTOTYPES = YES;
				CLANG_WARN_SUSPICIOUS_MOVE = YES;
				CLANG_WARN_UNGUARDED_AVAILABILITY = YES_AGGRESSIVE;
				CLANG_WARN_UNREACHABLE_CODE = YES;
				CLANG_WARN__DUPLICATE_METHOD_MATCH = YES;
				COPY_PHASE_STRIP = NO;
				DEBUG_INFORMATION_FORMAT = "dwarf-with-dsym";
				ENABLE_NS_ASSERTIONS = NO;
				ENABLE_STRICT_OBJC_MSGSEND = YES;
				GCC_C_LANGUAGE_STANDARD = gnu11;
				GCC_NO_COMMON_BLOCKS = YES;
				GCC_WARN_64_TO_32_BIT_CONVERSION = YES;
				GCC_WARN_ABOUT_RETURN_TYPE = YES_ERROR;
				GCC_WARN_UNDECLARED_SELECTOR = YES;
				GCC_WARN_UNINITIALIZED_AUTOS = YES_AGGRESSIVE;
				GCC_WARN_UNUSED_FUNCTION = YES;
				GCC_WARN_UNUSED_VARIABLE = YES;
				IPHONEOS_DEPLOYMENT_TARGET = 16.4;
				MTL_ENABLE_DEBUG_INFO = NO;
				MTL_FAST_MATH = YES;
				SDKROOT = iphoneos;
				SWIFT_COMPILATION_MODE = wholemodule;
				SWIFT_OPTIMIZATION_LEVEL = "-O";
				VALIDATE_PRODUCT = YES;
			};
			name = Release;
		};
		BD0F43572AA7DFBA00B22B20 /* Debug */ = {
			isa = XCBuildConfiguration;
			buildSettings = {
				ASSETCATALOG_COMPILER_APPICON_NAME = AppIcon;
				ASSETCATALOG_COMPILER_GLOBAL_ACCENT_COLOR_NAME = AccentColor;
				CODE_SIGN_STYLE = Automatic;
				CURRENT_PROJECT_VERSION = 1;
				GENERATE_INFOPLIST_FILE = YES;
				INFOPLIST_FILE = MoviesVIPER/Info.plist;
				INFOPLIST_KEY_UIApplicationSupportsIndirectInputEvents = YES;
				INFOPLIST_KEY_UILaunchStoryboardName = LaunchScreen;
				INFOPLIST_KEY_UISupportedInterfaceOrientations_iPad = "UIInterfaceOrientationPortrait UIInterfaceOrientationPortraitUpsideDown UIInterfaceOrientationLandscapeLeft UIInterfaceOrientationLandscapeRight";
				INFOPLIST_KEY_UISupportedInterfaceOrientations_iPhone = "UIInterfaceOrientationPortrait UIInterfaceOrientationLandscapeLeft UIInterfaceOrientationLandscapeRight";
				LD_RUNPATH_SEARCH_PATHS = (
					"$(inherited)",
					"@executable_path/Frameworks",
				);
				MARKETING_VERSION = 1.0;
				PRODUCT_BUNDLE_IDENTIFIER = com.outatime.MoviesVIPER;
				PRODUCT_NAME = "$(TARGET_NAME)";
				SWIFT_EMIT_LOC_STRINGS = YES;
				SWIFT_VERSION = 5.0;
				TARGETED_DEVICE_FAMILY = "1,2";
			};
			name = Debug;
		};
		BD0F43582AA7DFBA00B22B20 /* Release */ = {
			isa = XCBuildConfiguration;
			buildSettings = {
				ASSETCATALOG_COMPILER_APPICON_NAME = AppIcon;
				ASSETCATALOG_COMPILER_GLOBAL_ACCENT_COLOR_NAME = AccentColor;
				CODE_SIGN_STYLE = Automatic;
				CURRENT_PROJECT_VERSION = 1;
				GENERATE_INFOPLIST_FILE = YES;
				INFOPLIST_FILE = MoviesVIPER/Info.plist;
				INFOPLIST_KEY_UIApplicationSupportsIndirectInputEvents = YES;
				INFOPLIST_KEY_UILaunchStoryboardName = LaunchScreen;
				INFOPLIST_KEY_UISupportedInterfaceOrientations_iPad = "UIInterfaceOrientationPortrait UIInterfaceOrientationPortraitUpsideDown UIInterfaceOrientationLandscapeLeft UIInterfaceOrientationLandscapeRight";
				INFOPLIST_KEY_UISupportedInterfaceOrientations_iPhone = "UIInterfaceOrientationPortrait UIInterfaceOrientationLandscapeLeft UIInterfaceOrientationLandscapeRight";
				LD_RUNPATH_SEARCH_PATHS = (
					"$(inherited)",
					"@executable_path/Frameworks",
				);
				MARKETING_VERSION = 1.0;
				PRODUCT_BUNDLE_IDENTIFIER = com.outatime.MoviesVIPER;
				PRODUCT_NAME = "$(TARGET_NAME)";
				SWIFT_EMIT_LOC_STRINGS = YES;
				SWIFT_VERSION = 5.0;
				TARGETED_DEVICE_FAMILY = "1,2";
			};
			name = Release;
		};
		BD0F435A2AA7DFBA00B22B20 /* Debug */ = {
			isa = XCBuildConfiguration;
			buildSettings = {
				ALWAYS_EMBED_SWIFT_STANDARD_LIBRARIES = YES;
				BUNDLE_LOADER = "$(TEST_HOST)";
				CODE_SIGN_STYLE = Automatic;
				CURRENT_PROJECT_VERSION = 1;
				GENERATE_INFOPLIST_FILE = YES;
				IPHONEOS_DEPLOYMENT_TARGET = 16.4;
				MARKETING_VERSION = 1.0;
				PRODUCT_BUNDLE_IDENTIFIER = com.outatime.MoviesVIPERTests;
				PRODUCT_NAME = "$(TARGET_NAME)";
				SWIFT_EMIT_LOC_STRINGS = NO;
				SWIFT_VERSION = 5.0;
				TARGETED_DEVICE_FAMILY = "1,2";
				TEST_HOST = "$(BUILT_PRODUCTS_DIR)/MoviesVIPER.app/$(BUNDLE_EXECUTABLE_FOLDER_PATH)/MoviesVIPER";
			};
			name = Debug;
		};
		BD0F435B2AA7DFBA00B22B20 /* Release */ = {
			isa = XCBuildConfiguration;
			buildSettings = {
				ALWAYS_EMBED_SWIFT_STANDARD_LIBRARIES = YES;
				BUNDLE_LOADER = "$(TEST_HOST)";
				CODE_SIGN_STYLE = Automatic;
				CURRENT_PROJECT_VERSION = 1;
				GENERATE_INFOPLIST_FILE = YES;
				IPHONEOS_DEPLOYMENT_TARGET = 16.4;
				MARKETING_VERSION = 1.0;
				PRODUCT_BUNDLE_IDENTIFIER = com.outatime.MoviesVIPERTests;
				PRODUCT_NAME = "$(TARGET_NAME)";
				SWIFT_EMIT_LOC_STRINGS = NO;
				SWIFT_VERSION = 5.0;
				TARGETED_DEVICE_FAMILY = "1,2";
				TEST_HOST = "$(BUILT_PRODUCTS_DIR)/MoviesVIPER.app/$(BUNDLE_EXECUTABLE_FOLDER_PATH)/MoviesVIPER";
			};
			name = Release;
		};
		BD0F435D2AA7DFBA00B22B20 /* Debug */ = {
			isa = XCBuildConfiguration;
			buildSettings = {
				ALWAYS_EMBED_SWIFT_STANDARD_LIBRARIES = YES;
				CODE_SIGN_STYLE = Automatic;
				CURRENT_PROJECT_VERSION = 1;
				GENERATE_INFOPLIST_FILE = YES;
				MARKETING_VERSION = 1.0;
				PRODUCT_BUNDLE_IDENTIFIER = com.outatime.MoviesVIPERUITests;
				PRODUCT_NAME = "$(TARGET_NAME)";
				SWIFT_EMIT_LOC_STRINGS = NO;
				SWIFT_VERSION = 5.0;
				TARGETED_DEVICE_FAMILY = "1,2";
				TEST_TARGET_NAME = MoviesVIPER;
			};
			name = Debug;
		};
		BD0F435E2AA7DFBA00B22B20 /* Release */ = {
			isa = XCBuildConfiguration;
			buildSettings = {
				ALWAYS_EMBED_SWIFT_STANDARD_LIBRARIES = YES;
				CODE_SIGN_STYLE = Automatic;
				CURRENT_PROJECT_VERSION = 1;
				GENERATE_INFOPLIST_FILE = YES;
				MARKETING_VERSION = 1.0;
				PRODUCT_BUNDLE_IDENTIFIER = com.outatime.MoviesVIPERUITests;
				PRODUCT_NAME = "$(TARGET_NAME)";
				SWIFT_EMIT_LOC_STRINGS = NO;
				SWIFT_VERSION = 5.0;
				TARGETED_DEVICE_FAMILY = "1,2";
				TEST_TARGET_NAME = MoviesVIPER;
			};
			name = Release;
		};
/* End XCBuildConfiguration section */

/* Begin XCConfigurationList section */
		BD0F43272AA7DFB700B22B20 /* Build configuration list for PBXProject "MoviesVIPER" */ = {
			isa = XCConfigurationList;
			buildConfigurations = (
				BD0F43542AA7DFBA00B22B20 /* Debug */,
				BD0F43552AA7DFBA00B22B20 /* Release */,
			);
			defaultConfigurationIsVisible = 0;
			defaultConfigurationName = Release;
		};
		BD0F43562AA7DFBA00B22B20 /* Build configuration list for PBXNativeTarget "MoviesVIPER" */ = {
			isa = XCConfigurationList;
			buildConfigurations = (
				BD0F43572AA7DFBA00B22B20 /* Debug */,
				BD0F43582AA7DFBA00B22B20 /* Release */,
			);
			defaultConfigurationIsVisible = 0;
			defaultConfigurationName = Release;
		};
		BD0F43592AA7DFBA00B22B20 /* Build configuration list for PBXNativeTarget "MoviesVIPERTests" */ = {
			isa = XCConfigurationList;
			buildConfigurations = (
				BD0F435A2AA7DFBA00B22B20 /* Debug */,
				BD0F435B2AA7DFBA00B22B20 /* Release */,
			);
			defaultConfigurationIsVisible = 0;
			defaultConfigurationName = Release;
		};
		BD0F435C2AA7DFBA00B22B20 /* Build configuration list for PBXNativeTarget "MoviesVIPERUITests" */ = {
			isa = XCConfigurationList;
			buildConfigurations = (
				BD0F435D2AA7DFBA00B22B20 /* Debug */,
				BD0F435E2AA7DFBA00B22B20 /* Release */,
			);
			defaultConfigurationIsVisible = 0;
			defaultConfigurationName = Release;
		};
/* End XCConfigurationList section */

/* Begin XCRemoteSwiftPackageReference section */
		BD0F436F2AA7F61F00B22B20 /* XCRemoteSwiftPackageReference "Kingfisher" */ = {
			isa = XCRemoteSwiftPackageReference;
			repositoryURL = "https://github.com/onevcat/Kingfisher.git";
			requirement = {
				branch = master;
				kind = branch;
			};
		};
/* End XCRemoteSwiftPackageReference section */

/* Begin XCSwiftPackageProductDependency section */
		BD0F43702AA7F61F00B22B20 /* Kingfisher */ = {
			isa = XCSwiftPackageProductDependency;
			package = BD0F436F2AA7F61F00B22B20 /* XCRemoteSwiftPackageReference "Kingfisher" */;
			productName = Kingfisher;
		};
/* End XCSwiftPackageProductDependency section */
	};
	rootObject = BD0F43242AA7DFB700B22B20 /* Project object */;
}
